{
  "name": "ChatGPTSpelllCheck",
  "lockfileVersion": 2,
  "requires": true,
  "packages": {
    "": {
      "dependencies": {
        "typo-js": "^1.2.3"
      }
    },
    "node_modules/typo-js": {
      "version": "1.2.3",
      "resolved": "https://registry.npmjs.org/typo-js/-/typo-js-1.2.3.tgz",
      "integrity": "sha512-67Hyl94beZX8gmTap7IDPrG5hy2cHftgsCAcGvE1tzuxGT+kRB+zSBin0wIMwysYw8RUCBCvv9UfQl8TNM75dA=="
    }
  },
  "dependencies": {
    "typo-js": {
      "version": "1.2.3",
      "resolved": "https://registry.npmjs.org/typo-js/-/typo-js-1.2.3.tgz",
      "integrity": "sha512-67Hyl94beZX8gmTap7IDPrG5hy2cHftgsCAcGvE1tzuxGT+kRB+zSBin0wIMwysYw8RUCBCvv9UfQl8TNM75dA=="
    }
  }
}
